
Microsoft Visual Studio Solution File, Format Version 12.00
# Visual Studio Version 16
VisualStudioVersion = 16.0.28803.156
MinimumVisualStudioVersion = 10.0.40219.1
Project("{9A19103F-16F7-4668-BE54-9A1E7A4F7556}") = "FilaCircular", "Arrays and Lists\FilaCircular.csproj", "{E8A6EDBC-EEEE-4EE4-B0E5-31362647F49C}"
EndProject
Project("{FAE04EC0-301F-11D3-BF4B-00C04F79EFBC}") = "Exercise6", "Exercise6\Exercise6.csproj", "{C6C3D815-FF1B-42F1-8BEE-1969E9716945}"
EndProject
Project("{FAE04EC0-301F-11D3-BF4B-00C04F79EFBC}") = "Exercise7", "Exercise7\Exercise7.csproj", "{BA9C71AE-9DC9-4F6C-A6CF-2E4BD4555425}"
EndProject
Global
	GlobalSection(SolutionConfigurationPlatforms) = preSolution
		Debug|Any CPU = Debug|Any CPU
		Release|Any CPU = Release|Any CPU
	EndGlobalSection
	GlobalSection(ProjectConfigurationPlatforms) = postSolution
		{E8A6EDBC-EEEE-4EE4-B0E5-31362647F49C}.Debug|Any CPU.ActiveCfg = Debug|Any CPU
		{E8A6EDBC-EEEE-4EE4-B0E5-31362647F49C}.Debug|Any CPU.Build.0 = Debug|Any CPU
		{E8A6EDBC-EEEE-4EE4-B0E5-31362647F49C}.Release|Any CPU.ActiveCfg = Release|Any CPU
		{E8A6EDBC-EEEE-4EE4-B0E5-31362647F49C}.Release|Any CPU.Build.0 = Release|Any CPU
		{C6C3D815-FF1B-42F1-8BEE-1969E9716945}.Debug|Any CPU.ActiveCfg = Debug|Any CPU
		{C6C3D815-FF1B-42F1-8BEE-1969E9716945}.Debug|Any CPU.Build.0 = Debug|Any CPU
		{C6C3D815-FF1B-42F1-8BEE-1969E9716945}.Release|Any CPU.ActiveCfg = Release|Any CPU
		{C6C3D815-FF1B-42F1-8BEE-1969E9716945}.Release|Any CPU.Build.0 = Release|Any CPU
		{BA9C71AE-9DC9-4F6C-A6CF-2E4BD4555425}.Debug|Any CPU.ActiveCfg = Debug|Any CPU
		{BA9C71AE-9DC9-4F6C-A6CF-2E4BD4555425}.Debug|Any CPU.Build.0 = Debug|Any CPU
		{BA9C71AE-9DC9-4F6C-A6CF-2E4BD4555425}.Release|Any CPU.ActiveCfg = Release|Any CPU
		{BA9C71AE-9DC9-4F6C-A6CF-2E4BD4555425}.Release|Any CPU.Build.0 = Release|Any CPU
	EndGlobalSection
	GlobalSection(SolutionProperties) = preSolution
		HideSolutionNode = FALSE
	EndGlobalSection
	GlobalSection(ExtensibilityGlobals) = postSolution
		SolutionGuid = {B9D2424F-444C-4B01-84EB-8045988223C8}
	EndGlobalSection
EndGlobal
